
Microsoft Visual Studio Solution File, Format Version 12.00
# Visual Studio Version 16
VisualStudioVersion = 16.0.31402.337
MinimumVisualStudioVersion = 10.0.40219.1
Project("{FAE04EC0-301F-11D3-BF4B-00C04F79EFBC}") = "Snakk.Plugin.MyPlugin1", "Snakk.Plugin.MyPlugin1.csproj", "{379E7D49-6DBD-410C-907C-080AA46100AB}"
EndProject
Global
	GlobalSection(SolutionConfigurationPlatforms) = preSolution
		Debug|Any CPU = Debug|Any CPU
		Release|Any CPU = Release|Any CPU
	EndGlobalSection
	GlobalSection(ProjectConfigurationPlatforms) = postSolution
		{379E7D49-6DBD-410C-907C-080AA46100AB}.Debug|Any CPU.ActiveCfg = Debug|Any CPU
		{379E7D49-6DBD-410C-907C-080AA46100AB}.Debug|Any CPU.Build.0 = Debug|Any CPU
		{379E7D49-6DBD-410C-907C-080AA46100AB}.Release|Any CPU.ActiveCfg = Release|Any CPU
		{379E7D49-6DBD-410C-907C-080AA46100AB}.Release|Any CPU.Build.0 = Release|Any CPU
	EndGlobalSection
	GlobalSection(SolutionProperties) = preSolution
		HideSolutionNode = FALSE
	EndGlobalSection
	GlobalSection(ExtensibilityGlobals) = postSolution
		SolutionGuid = {1EA2182B-3967-40BA-BF27-CB6F6862539E}
	EndGlobalSection
EndGlobal
